
Microsoft Visual Studio Solution File, Format Version 12.00
# Visual Studio Version 16
VisualStudioVersion = 16.0.32630.194
MinimumVisualStudioVersion = 10.0.40219.1
Project("{2150E333-8FDC-42A3-9474-1A3956D46DE8}") = "BackEnd", "BackEnd", "{532D25D6-8F13-4847-8063-4BF1BF2E1BA0}"
EndProject
Project("{2150E333-8FDC-42A3-9474-1A3956D46DE8}") = "FrontEnd", "FrontEnd", "{3FF1647A-2C87-4A25-B68D-E2EA9DD9DA56}"
EndProject
Project("{FAE04EC0-301F-11D3-BF4B-00C04F79EFBC}") = "Publica", "Publica\Publica.csproj", "{4E8E8ADC-5FA8-4D87-AF42-B4C5631853C5}"
EndProject
Project("{FAE04EC0-301F-11D3-BF4B-00C04F79EFBC}") = "Privada", "Privada\Privada.csproj", "{2A606D6B-86E5-4A5D-AC65-BD366DC8BC3C}"
EndProject
Project("{FAE04EC0-301F-11D3-BF4B-00C04F79EFBC}") = "Datos", "Datos\Datos.csproj", "{0DA635BF-6874-4A27-ABD7-7A81109DB527}"
EndProject
Project("{FAE04EC0-301F-11D3-BF4B-00C04F79EFBC}") = "Entidad", "Entidad\Entidad.csproj", "{3A136788-D8D3-40C0-8617-EE89A4EBC948}"
EndProject
Project("{FAE04EC0-301F-11D3-BF4B-00C04F79EFBC}") = "Negocio", "Negocio\Negocio.csproj", "{822FF3D0-C5E9-4EA0-B1F2-9A79B3734F9F}"
EndProject
Project("{FAE04EC0-301F-11D3-BF4B-00C04F79EFBC}") = "PresentacionCurso", "PresentacionCurso\PresentacionCurso.csproj", "{12417661-6C09-4D83-8732-22B233E8D1D1}"
EndProject
Project("{FAE04EC0-301F-11D3-BF4B-00C04F79EFBC}") = "Servicios", "Servicios\Servicios.csproj", "{976AA3DD-905D-4879-B5B1-8AFB2A49746D}"
EndProject
Global
	GlobalSection(SolutionConfigurationPlatforms) = preSolution
		Debug|Any CPU = Debug|Any CPU
		Release|Any CPU = Release|Any CPU
	EndGlobalSection
	GlobalSection(ProjectConfigurationPlatforms) = postSolution
		{4E8E8ADC-5FA8-4D87-AF42-B4C5631853C5}.Debug|Any CPU.ActiveCfg = Debug|Any CPU
		{4E8E8ADC-5FA8-4D87-AF42-B4C5631853C5}.Debug|Any CPU.Build.0 = Debug|Any CPU
		{4E8E8ADC-5FA8-4D87-AF42-B4C5631853C5}.Release|Any CPU.ActiveCfg = Release|Any CPU
		{4E8E8ADC-5FA8-4D87-AF42-B4C5631853C5}.Release|Any CPU.Build.0 = Release|Any CPU
		{2A606D6B-86E5-4A5D-AC65-BD366DC8BC3C}.Debug|Any CPU.ActiveCfg = Debug|Any CPU
		{2A606D6B-86E5-4A5D-AC65-BD366DC8BC3C}.Debug|Any CPU.Build.0 = Debug|Any CPU
		{2A606D6B-86E5-4A5D-AC65-BD366DC8BC3C}.Release|Any CPU.ActiveCfg = Release|Any CPU
		{2A606D6B-86E5-4A5D-AC65-BD366DC8BC3C}.Release|Any CPU.Build.0 = Release|Any CPU
		{0DA635BF-6874-4A27-ABD7-7A81109DB527}.Debug|Any CPU.ActiveCfg = Debug|Any CPU
		{0DA635BF-6874-4A27-ABD7-7A81109DB527}.Debug|Any CPU.Build.0 = Debug|Any CPU
		{0DA635BF-6874-4A27-ABD7-7A81109DB527}.Release|Any CPU.ActiveCfg = Release|Any CPU
		{0DA635BF-6874-4A27-ABD7-7A81109DB527}.Release|Any CPU.Build.0 = Release|Any CPU
		{3A136788-D8D3-40C0-8617-EE89A4EBC948}.Debug|Any CPU.ActiveCfg = Debug|Any CPU
		{3A136788-D8D3-40C0-8617-EE89A4EBC948}.Debug|Any CPU.Build.0 = Debug|Any CPU
		{3A136788-D8D3-40C0-8617-EE89A4EBC948}.Release|Any CPU.ActiveCfg = Release|Any CPU
		{3A136788-D8D3-40C0-8617-EE89A4EBC948}.Release|Any CPU.Build.0 = Release|Any CPU
		{822FF3D0-C5E9-4EA0-B1F2-9A79B3734F9F}.Debug|Any CPU.ActiveCfg = Debug|Any CPU
		{822FF3D0-C5E9-4EA0-B1F2-9A79B3734F9F}.Debug|Any CPU.Build.0 = Debug|Any CPU
		{822FF3D0-C5E9-4EA0-B1F2-9A79B3734F9F}.Release|Any CPU.ActiveCfg = Release|Any CPU
		{822FF3D0-C5E9-4EA0-B1F2-9A79B3734F9F}.Release|Any CPU.Build.0 = Release|Any CPU
		{12417661-6C09-4D83-8732-22B233E8D1D1}.Debug|Any CPU.ActiveCfg = Debug|Any CPU
		{12417661-6C09-4D83-8732-22B233E8D1D1}.Debug|Any CPU.Build.0 = Debug|Any CPU
		{12417661-6C09-4D83-8732-22B233E8D1D1}.Release|Any CPU.ActiveCfg = Release|Any CPU
		{12417661-6C09-4D83-8732-22B233E8D1D1}.Release|Any CPU.Build.0 = Release|Any CPU
		{976AA3DD-905D-4879-B5B1-8AFB2A49746D}.Debug|Any CPU.ActiveCfg = Debug|Any CPU
		{976AA3DD-905D-4879-B5B1-8AFB2A49746D}.Debug|Any CPU.Build.0 = Debug|Any CPU
		{976AA3DD-905D-4879-B5B1-8AFB2A49746D}.Release|Any CPU.ActiveCfg = Release|Any CPU
		{976AA3DD-905D-4879-B5B1-8AFB2A49746D}.Release|Any CPU.Build.0 = Release|Any CPU
	EndGlobalSection
	GlobalSection(SolutionProperties) = preSolution
		HideSolutionNode = FALSE
	EndGlobalSection
	GlobalSection(NestedProjects) = preSolution
		{4E8E8ADC-5FA8-4D87-AF42-B4C5631853C5} = {3FF1647A-2C87-4A25-B68D-E2EA9DD9DA56}
		{2A606D6B-86E5-4A5D-AC65-BD366DC8BC3C} = {3FF1647A-2C87-4A25-B68D-E2EA9DD9DA56}
		{0DA635BF-6874-4A27-ABD7-7A81109DB527} = {532D25D6-8F13-4847-8063-4BF1BF2E1BA0}
		{3A136788-D8D3-40C0-8617-EE89A4EBC948} = {532D25D6-8F13-4847-8063-4BF1BF2E1BA0}
		{822FF3D0-C5E9-4EA0-B1F2-9A79B3734F9F} = {532D25D6-8F13-4847-8063-4BF1BF2E1BA0}
		{12417661-6C09-4D83-8732-22B233E8D1D1} = {3FF1647A-2C87-4A25-B68D-E2EA9DD9DA56}
		{976AA3DD-905D-4879-B5B1-8AFB2A49746D} = {532D25D6-8F13-4847-8063-4BF1BF2E1BA0}
	EndGlobalSection
	GlobalSection(ExtensibilityGlobals) = postSolution
		SolutionGuid = {9F466557-8A76-4285-A7FE-48FA6DBA971D}
	EndGlobalSection
EndGlobal
